PODS:
  - Alamofire (4.9.1)
  - CocoaLumberjack/Core (3.7.4)
  - CocoaLumberjack/Swift (3.7.4):
    - CocoaLumberjack/Core
  - CodeBase (0.0.4):
    - CocoaLumberjack/Swift
    - DZNEmptyDataSet
    - IQKeyboardManagerSwift (~> 6.0.4)
    - KeychainAccess
    - Kingfisher
    - Localize-Swift
    - Moya/RxSwift
    - RxCocoa (~> 4.0)
    - RxSwift (~> 4.0)
    - SnapKit
    - SwiftyJSON
    - Then
  - DZNEmptyDataSet (1.8.1)
  - IQKeyboardManagerSwift (6.0.5)
  - KeychainAccess (4.2.2)
  - Kingfisher (7.2.1)
  - Localize-Swift (3.2.0):
    - Localize-Swift/LocalizeSwiftCore (= 3.2.0)
    - Localize-Swift/UIKit (= 3.2.0)
  - Localize-Swift/LocalizeSwiftCore (3.2.0)
  - Localize-Swift/UIKit (3.2.0):
    - Localize-Swift/LocalizeSwiftCore
  - Moya/Core (13.0.1):
    - Alamofire (~> 4.1)
    - Result (~> 4.1)
  - Moya/RxSwift (13.0.1):
    - Moya/Core
    - RxSwift (~> 4.0)
  - Result (4.1.0)
  - RxCocoa (4.5.0):
    - RxSwift (>= 4.4.2, ~> 4.4)
  - RxSwift (4.5.0)
  - SnapKit (5.6.0)
  - SwiftyJSON (5.0.1)
  - Then (3.0.0)

DEPENDENCIES:
  - CodeBase (from `../`)

SPEC REPOS:
  trunk:
    - Alamofire
    - CocoaLumberjack
    - DZNEmptyDataSet
    - IQKeyboardManagerSwift
    - KeychainAccess
    - Kingfisher
    - Localize-Swift
    - Moya
    - Result
    - RxCocoa
    - RxSwift
    - SnapKit
    - SwiftyJSON
    - Then

EXTERNAL SOURCES:
  CodeBase:
    :path: "../"

SPEC CHECKSUMS:
  Alamofire: 85e8a02c69d6020a0d734f6054870d7ecb75cf18
  CocoaLumberjack: 543c79c114dadc3b1aba95641d8738b06b05b646
  CodeBase: 974205dfe2b1448939ed2b16ecc67f046606c878
  DZNEmptyDataSet: 9525833b9e68ac21c30253e1d3d7076cc828eaa7
  IQKeyboardManagerSwift: c14eca30f6001457d6ddf25e313f23fb6578c41c
  KeychainAccess: c0c4f7f38f6fc7bbe58f5702e25f7bd2f65abf51
  Kingfisher: 7c084bebf7d548c623ad41bcf765fb200efed369
  Localize-Swift: 6f4475136bdb0d7b2882ea3d4ea919d70142b232
  Moya: f4a4b80ff2f8a4ffc208dfb31cd91636622fee6e
  Result: bd966fac789cc6c1563440b348ab2598cc24d5c7
  RxCocoa: cbf70265dc65a981d4ac982e513c10cf23df24a0
  RxSwift: f172070dfd1a93d70a9ab97a5a01166206e1c575
  SnapKit: e01d52ebb8ddbc333eefe2132acf85c8227d9c25
  SwiftyJSON: 2f33a42c6fbc52764d96f13368585094bfd8aa5e
  Then: 844265ae87834bbe1147d91d5d41a404da2ec27d

PODFILE CHECKSUM: b130977667ed5c6391ffb3217623d583f2cfa790

COCOAPODS: 1.11.2
